
Microsoft Visual Studio Solution File, Format Version 12.00
# Visual Studio Version 16
VisualStudioVersion = 16.0.30204.135
MinimumVisualStudioVersion = 10.0.40219.1
Project("{FAE04EC0-301F-11D3-BF4B-00C04F79EFBC}") = "BinaryHeap", "BinaryHeap\BinaryHeap.csproj", "{F5BB37CC-6047-48E2-A2FB-30248D3A7839}"
EndProject
Global
	GlobalSection(SolutionConfigurationPlatforms) = preSolution
		Debug|Any CPU = Debug|Any CPU
		Release|Any CPU = Release|Any CPU
	EndGlobalSection
	GlobalSection(ProjectConfigurationPlatforms) = postSolution
		{F5BB37CC-6047-48E2-A2FB-30248D3A7839}.Debug|Any CPU.ActiveCfg = Debug|Any CPU
		{F5BB37CC-6047-48E2-A2FB-30248D3A7839}.Debug|Any CPU.Build.0 = Debug|Any CPU
		{F5BB37CC-6047-48E2-A2FB-30248D3A7839}.Release|Any CPU.ActiveCfg = Release|Any CPU
		{F5BB37CC-6047-48E2-A2FB-30248D3A7839}.Release|Any CPU.Build.0 = Release|Any CPU
	EndGlobalSection
	GlobalSection(SolutionProperties) = preSolution
		HideSolutionNode = FALSE
	EndGlobalSection
	GlobalSection(ExtensibilityGlobals) = postSolution
		SolutionGuid = {708431B9-9E11-4779-AF2E-4FD4A6A6C6C3}
	EndGlobalSection
EndGlobal
